// !$*UTF8*$!
{
	archiveVersion = 1;
	classes = {
	};
	objectVersion = 50;
	objects = {

/* Begin PBXBuildFile section */
		83465AEC257AC3E200D1B46E /* AppDelegate.swift in Sources */ = {isa = PBXBuildFile; fileRef = 83465AEB257AC3E200D1B46E /* AppDelegate.swift */; };
		83465AEE257AC3E200D1B46E /* SceneDelegate.swift in Sources */ = {isa = PBXBuildFile; fileRef = 83465AED257AC3E200D1B46E /* SceneDelegate.swift */; };
		83465AF0257AC3E200D1B46E /* ViewController.swift in Sources */ = {isa = PBXBuildFile; fileRef = 83465AEF257AC3E200D1B46E /* ViewController.swift */; };
		83465AF3257AC3E200D1B46E /* Main.storyboard in Resources */ = {isa = PBXBuildFile; fileRef = 83465AF1257AC3E200D1B46E /* Main.storyboard */; };
		83465AF6257AC3E200D1B46E /* Pink.xcdatamodeld in Sources */ = {isa = PBXBuildFile; fileRef = 83465AF4257AC3E200D1B46E /* Pink.xcdatamodeld */; };
		83465AF8257AC3E600D1B46E /* Assets.xcassets in Resources */ = {isa = PBXBuildFile; fileRef = 83465AF7257AC3E600D1B46E /* Assets.xcassets */; };
		83465AFB257AC3E600D1B46E /* LaunchScreen.storyboard in Resources */ = {isa = PBXBuildFile; fileRef = 83465AF9257AC3E600D1B46E /* LaunchScreen.storyboard */; };
/* End PBXBuildFile section */

/* Begin PBXFileReference section */
		83465AE8257AC3E200D1B46E /* Pink.app */ = {isa = PBXFileReference; explicitFileType = wrapper.application; includeInIndex = 0; path = Pink.app; sourceTree = BUILT_PRODUCTS_DIR; };
		83465AEB257AC3E200D1B46E /* AppDelegate.swift */ = {isa = PBXFileReference; lastKnownFileType = sourcecode.swift; path = AppDelegate.swift; sourceTree = "<group>"; };
		83465AED257AC3E200D1B46E /* SceneDelegate.swift */ = {isa = PBXFileReference; lastKnownFileType = sourcecode.swift; path = SceneDelegate.swift; sourceTree = "<group>"; };
		83465AEF257AC3E200D1B46E /* ViewController.swift */ = {isa = PBXFileReference; lastKnownFileType = sourcecode.swift; path = ViewController.swift; sourceTree = "<group>"; };
		83465AF2257AC3E200D1B46E /* Base */ = {isa = PBXFileReference; lastKnownFileType = file.storyboard; name = Base; path = Base.lproj/Main.storyboard; sourceTree = "<group>"; };
		83465AF5257AC3E200D1B46E /* Pink.xcdatamodel */ = {isa = PBXFileReference; lastKnownFileType = wrapper.xcdatamodel; path = Pink.xcdatamodel; sourceTree = "<group>"; };
		83465AF7257AC3E600D1B46E /* Assets.xcassets */ = {isa = PBXFileReference; lastKnownFileType = folder.assetcatalog; path = Assets.xcassets; sourceTree = "<group>"; };
		83465AFA257AC3E600D1B46E /* Base */ = {isa = PBXFileReference; lastKnownFileType = file.storyboard; name = Base; path = Base.lproj/LaunchScreen.storyboard; sourceTree = "<group>"; };
		83465AFC257AC3E600D1B46E /* Info.plist */ = {isa = PBXFileReference; lastKnownFileType = text.plist.xml; path = Info.plist; sourceTree = "<group>"; };
/* End PBXFileReference section */

/* Begin PBXFrameworksBuildPhase section */
		83465AE5257AC3E200D1B46E /* Frameworks */ = {
			isa = PBXFrameworksBuildPhase;
			buildActionMask = 2147483647;
			files = (
			);
			runOnlyForDeploymentPostprocessing = 0;
		};
/* End PBXFrameworksBuildPhase section */

/* Begin PBXGroup section */
		83465ADF257AC3E200D1B46E = {
			isa = PBXGroup;
			children = (
				83465AEA257AC3E200D1B46E /* Pink */,
				83465AE9257AC3E200D1B46E /* Products */,
			);
			sourceTree = "<group>";
		};
		83465AE9257AC3E200D1B46E /* Products */ = {
			isa = PBXGroup;
			children = (
				83465AE8257AC3E200D1B46E /* Pink.app */,
			);
			name = Products;
			sourceTree = "<group>";
		};
		83465AEA257AC3E200D1B46E /* Pink */ = {
			isa = PBXGroup;
			children = (
				83465AEB257AC3E200D1B46E /* AppDelegate.swift */,
				83465AED257AC3E200D1B46E /* SceneDelegate.swift */,
				83465AEF257AC3E200D1B46E /* ViewController.swift */,
				83465AF1257AC3E200D1B46E /* Main.storyboard */,
				83465AF7257AC3E600D1B46E /* Assets.xcassets */,
				83465AF9257AC3E600D1B46E /* LaunchScreen.storyboard */,
				83465AFC257AC3E600D1B46E /* Info.plist */,
				83465AF4257AC3E200D1B46E /* Pink.xcdatamodeld */,
			);
			path = Pink;
			sourceTree = "<group>";
		};
/* End PBXGroup section */

/* Begin PBXNativeTarget section */
		83465AE7257AC3E200D1B46E /* Pink */ = {
			isa = PBXNativeTarget;
			buildConfigurationList = 83465AFF257AC3E600D1B46E /* Build configuration list for PBXNativeTarget "Pink" */;
			buildPhases = (
				83465AE4257AC3E200D1B46E /* Sources */,
				83465AE5257AC3E200D1B46E /* Frameworks */,
				83465AE6257AC3E200D1B46E /* Resources */,
			);
			buildRules = (
			);
			dependencies = (
			);
			name = Pink;
			productName = Pink;
			productReference = 83465AE8257AC3E200D1B46E /* Pink.app */;
			productType = "com.apple.product-type.application";
		};
/* End PBXNativeTarget section */

/* Begin PBXProject section */
		83465AE0257AC3E200D1B46E /* Project object */ = {
			isa = PBXProject;
			attributes = {
				LastSwiftUpdateCheck = 1220;
				LastUpgradeCheck = 1220;
				TargetAttributes = {
					83465AE7257AC3E200D1B46E = {
						CreatedOnToolsVersion = 12.2;
					};
				};
			};
			buildConfigurationList = 83465AE3257AC3E200D1B46E /* Build configuration list for PBXProject "Pink" */;
			compatibilityVersion = "Xcode 9.3";
			developmentRegion = en;
			hasScannedForEncodings = 0;
			knownRegions = (
				en,
				Base,
			);
			mainGroup = 83465ADF257AC3E200D1B46E;
			productRefGroup = 83465AE9257AC3E200D1B46E /* Products */;
			projectDirPath = "";
			projectRoot = "";
			targets = (
				83465AE7257AC3E200D1B46E /* Pink */,
			);
		};
/* End PBXProject section */

/* Begin PBXResourcesBuildPhase section */
		83465AE6257AC3E200D1B46E /* Resources */ = {
			isa = PBXResourcesBuildPhase;
			buildActionMask = 2147483647;
			files = (
				83465AFB257AC3E600D1B46E /* LaunchScreen.storyboard in Resources */,
				83465AF8257AC3E600D1B46E /* Assets.xcassets in Resources */,
				83465AF3257AC3E200D1B46E /* Main.storyboard in Resources */,
			);
			runOnlyForDeploymentPostprocessing = 0;
		};
/* End PBXResourcesBuildPhase section */

/* Begin PBXSourcesBuildPhase section */
		83465AE4257AC3E200D1B46E /* Sources */ = {
			isa = PBXSourcesBuildPhase;
			buildActionMask = 2147483647;
			files = (
				83465AF0257AC3E200D1B46E /* ViewController.swift in Sources */,
				83465AEC257AC3E200D1B46E /* AppDelegate.swift in Sources */,
				83465AEE257AC3E200D1B46E /* SceneDelegate.swift in Sources */,
				83465AF6257AC3E200D1B46E /* Pink.xcdatamodeld in Sources */,
			);
			runOnlyForDeploymentPostprocessing = 0;
		};
/* End PBXSourcesBuildPhase section */

/* Begin PBXVariantGroup section */
		83465AF1257AC3E200D1B46E /* Main.storyboard */ = {
			isa = PBXVariantGroup;
			children = (
				83465AF2257AC3E200D1B46E /* Base */,
			);
			name = Main.storyboard;
			sourceTree = "<group>";
		};
		83465AF9257AC3E600D1B46E /* LaunchScreen.storyboard */ = {
			isa = PBXVariantGroup;
			children = (
				83465AFA257AC3E600D1B46E /* Base */,
			);
			name = LaunchScreen.storyboard;
			sourceTree = "<group>";
		};
/* End PBXVariantGroup section */

/* Begin XCBuildConfiguration section */
		83465AFD257AC3E600D1B46E /* Debug */ = {
			isa = XCBuildConfiguration;
			buildSettings = {
				ALWAYS_SEARCH_USER_PATHS = NO;
				CLANG_ANALYZER_NONNULL = YES;
				CLANG_ANALYZER_NUMBER_OBJECT_CONVERSION = YES_AGGRESSIVE;
				CLANG_CXX_LANGUAGE_STANDARD = "gnu++14";
				CLANG_CXX_LIBRARY = "libc++";
				CLANG_ENABLE_MODULES = YES;
				CLANG_ENABLE_OBJC_ARC = YES;
				CLANG_ENABLE_OBJC_WEAK = YES;
				CLANG_WARN_BLOCK_CAPTURE_AUTORELEASING = YES;
				CLANG_WARN_BOOL_CONVERSION = YES;
				CLANG_WARN_COMMA = YES;
				CLANG_WARN_CONSTANT_CONVERSION = YES;
				CLANG_WARN_DEPRECATED_OBJC_IMPLEMENTATIONS = YES;
				CLANG_WARN_DIRECT_OBJC_ISA_USAGE = YES_ERROR;
				CLANG_WARN_DOCUMENTATION_COMMENTS = YES;
				CLANG_WARN_EMPTY_BODY = YES;
				CLANG_WARN_ENUM_CONVERSION = YES;
				CLANG_WARN_INFINITE_RECURSION = YES;
				CLANG_WARN_INT_CONVERSION = YES;
				CLANG_WARN_NON_LITERAL_NULL_CONVERSION = YES;
				CLANG_WARN_OBJC_IMPLICIT_RETAIN_SELF = YES;
				CLANG_WARN_OBJC_LITERAL_CONVERSION = YES;
				CLANG_WARN_OBJC_ROOT_CLASS = YES_ERROR;
				CLANG_WARN_QUOTED_INCLUDE_IN_FRAMEWORK_HEADER = YES;
				CLANG_WARN_RANGE_LOOP_ANALYSIS = YES;
				CLANG_WARN_STRICT_PROTOTYPES = YES;
				CLANG_WARN_SUSPICIOUS_MOVE = YES;
				CLANG_WARN_UNGUARDED_AVAILABILITY = YES_AGGRESSIVE;
				CLANG_WARN_UNREACHABLE_CODE = YES;
				CLANG_WARN__DUPLICATE_METHOD_MATCH = YES;
				COPY_PHASE_STRIP = NO;
				DEBUG_INFORMATION_FORMAT = dwarf;
				ENABLE_STRICT_OBJC_MSGSEND = YES;
				ENABLE_TESTABILITY = YES;
				GCC_C_LANGUAGE_STANDARD = gnu11;
				GCC_DYNAMIC_NO_PIC = NO;
				GCC_NO_COMMON_BLOCKS = YES;
				GCC_OPTIMIZATION_LEVEL = 0;
				GCC_PREPROCESSOR_DEFINITIONS = (
					"DEBUG=1",
					"$(inherited)",
				);
				GCC_WARN_64_TO_32_BIT_CONVERSION = YES;
				GCC_WARN_ABOUT_RETURN_TYPE = YES_ERROR;
				GCC_WARN_UNDECLARED_SELECTOR = YES;
				GCC_WARN_UNINITIALIZED_AUTOS = YES_AGGRESSIVE;
				GCC_WARN_UNUSED_FUNCTION = YES;
				GCC_WARN_UNUSED_VARIABLE = YES;
				IPHONEOS_DEPLOYMENT_TARGET = 14.2;
				MTL_ENABLE_DEBUG_INFO = INCLUDE_SOURCE;
				MTL_FAST_MATH = YES;
				ONLY_ACTIVE_ARCH = YES;
				SDKROOT = iphoneos;
				SWIFT_ACTIVE_COMPILATION_CONDITIONS = DEBUG;
				SWIFT_OPTIMIZATION_LEVEL = "-Onone";
			};
			name = Debug;
		};
		83465AFE257AC3E600D1B46E /* Release */ = {
			isa = XCBuildConfiguration;
			buildSettings = {
				ALWAYS_SEARCH_USER_PATHS = NO;
				CLANG_ANALYZER_NONNULL = YES;
				CLANG_ANALYZER_NUMBER_OBJECT_CONVERSION = YES_AGGRESSIVE;
				CLANG_CXX_LANGUAGE_STANDARD = "gnu++14";
				CLANG_CXX_LIBRARY = "libc++";
				CLANG_ENABLE_MODULES = YES;
				CLANG_ENABLE_OBJC_ARC = YES;
				CLANG_ENABLE_OBJC_WEAK = YES;
				CLANG_WARN_BLOCK_CAPTURE_AUTORELEASING = YES;
				CLANG_WARN_BOOL_CONVERSION = YES;
				CLANG_WARN_COMMA = YES;
				CLANG_WARN_CONSTANT_CONVERSION = YES;
				CLANG_WARN_DEPRECATED_OBJC_IMPLEMENTATIONS = YES;
				CLANG_WARN_DIRECT_OBJC_ISA_USAGE = YES_ERROR;
				CLANG_WARN_DOCUMENTATION_COMMENTS = YES;
				CLANG_WARN_EMPTY_BODY = YES;
				CLANG_WARN_ENUM_CONVERSION = YES;
				CLANG_WARN_INFINITE_RECURSION = YES;
				CLANG_WARN_INT_CONVERSION = YES;
				CLANG_WARN_NON_LITERAL_NULL_CONVERSION = YES;
				CLANG_WARN_OBJC_IMPLICIT_RETAIN_SELF = YES;
				CLANG_WARN_OBJC_LITERAL_CONVERSION = YES;
				CLANG_WARN_OBJC_ROOT_CLASS = YES_ERROR;
				CLANG_WARN_QUOTED_INCLUDE_IN_FRAMEWORK_HEADER = YES;
				CLANG_WARN_RANGE_LOOP_ANALYSIS = YES;
				CLANG_WARN_STRICT_PROTOTYPES = YES;
				CLANG_WARN_SUSPICIOUS_MOVE = YES;
				CLANG_WARN_UNGUARDED_AVAILABILITY = YES_AGGRESSIVE;
				CLANG_WARN_UNREACHABLE_CODE = YES;
				CLANG_WARN__DUPLICATE_METHOD_MATCH = YES;
				COPY_PHASE_STRIP = NO;
				DEBUG_INFORMATION_FORMAT = "dwarf-with-dsym";
				ENABLE_NS_ASSERTIONS = NO;
				ENABLE_STRICT_OBJC_MSGSEND = YES;
				GCC_C_LANGUAGE_STANDARD = gnu11;
				GCC_NO_COMMON_BLOCKS = YES;
				GCC_WARN_64_TO_32_BIT_CONVERSION = YES;
				GCC_WARN_ABOUT_RETURN_TYPE = YES_ERROR;
				GCC_WARN_UNDECLARED_SELECTOR = YES;
				GCC_WARN_UNINITIALIZED_AUTOS = YES_AGGRESSIVE;
				GCC_WARN_UNUSED_FUNCTION = YES;
				GCC_WARN_UNUSED_VARIABLE = YES;
				IPHONEOS_DEPLOYMENT_TARGET = 14.2;
				MTL_ENABLE_DEBUG_INFO = NO;
				MTL_FAST_MATH = YES;
				SDKROOT = iphoneos;
				SWIFT_COMPILATION_MODE = wholemodule;
				SWIFT_OPTIMIZATION_LEVEL = "-O";
				VALIDATE_PRODUCT = YES;
			};
			name = Release;
		};
		83465B00257AC3E600D1B46E /* Debug */ = {
			isa = XCBuildConfiguration;
			buildSettings = {
				ASSETCATALOG_COMPILER_APPICON_NAME = AppIcon;
				ASSETCATALOG_COMPILER_GLOBAL_ACCENT_COLOR_NAME = AccentColor;
				CODE_SIGN_STYLE = Automatic;
				DEVELOPMENT_TEAM = 72889KDFTY;
				INFOPLIST_FILE = Pink/Info.plist;
				IPHONEOS_DEPLOYMENT_TARGET = 14.1;
				LD_RUNPATH_SEARCH_PATHS = (
					"$(inherited)",
					"@executable_path/Frameworks",
				);
				PRODUCT_BUNDLE_IDENTIFIER = com.lsdrmfs.Pink;
				PRODUCT_NAME = "$(TARGET_NAME)";
				SWIFT_VERSION = 5.0;
				TARGETED_DEVICE_FAMILY = 1;
			};
			name = Debug;
		};
		83465B01257AC3E600D1B46E /* Release */ = {
			isa = XCBuildConfiguration;
			buildSettings = {
				ASSETCATALOG_COMPILER_APPICON_NAME = AppIcon;
				ASSETCATALOG_COMPILER_GLOBAL_ACCENT_COLOR_NAME = AccentColor;
				CODE_SIGN_STYLE = Automatic;
				DEVELOPMENT_TEAM = 72889KDFTY;
				INFOPLIST_FILE = Pink/Info.plist;
				IPHONEOS_DEPLOYMENT_TARGET = 14.1;
				LD_RUNPATH_SEARCH_PATHS = (
					"$(inherited)",
					"@executable_path/Frameworks",
				);
				PRODUCT_BUNDLE_IDENTIFIER = com.lsdrmfs.Pink;
				PRODUCT_NAME = "$(TARGET_NAME)";
				SWIFT_VERSION = 5.0;
				TARGETED_DEVICE_FAMILY = 1;
			};
			name = Release;
		};
/* End XCBuildConfiguration section */

/* Begin XCConfigurationList section */
		83465AE3257AC3E200D1B46E /* Build configuration list for PBXProject "Pink" */ = {
			isa = XCConfigurationList;
			buildConfigurations = (
				83465AFD257AC3E600D1B46E /* Debug */,
				83465AFE257AC3E600D1B46E /* Release */,
			);
			defaultConfigurationIsVisible = 0;
			defaultConfigurationName = Release;
		};
		83465AFF257AC3E600D1B46E /* Build configuration list for PBXNativeTarget "Pink" */ = {
			isa = XCConfigurationList;
			buildConfigurations = (
				83465B00257AC3E600D1B46E /* Debug */,
				83465B01257AC3E600D1B46E /* Release */,
			);
			defaultConfigurationIsVisible = 0;
			defaultConfigurationName = Release;
		};
/* End XCConfigurationList section */

/* Begin XCVersionGroup section */
		83465AF4257AC3E200D1B46E /* Pink.xcdatamodeld */ = {
			isa = XCVersionGroup;
			children = (
				83465AF5257AC3E200D1B46E /* Pink.xcdatamodel */,
			);
			currentVersion = 83465AF5257AC3E200D1B46E /* Pink.xcdatamodel */;
			path = Pink.xcdatamodeld;
			sourceTree = "<group>";
			versionGroupType = wrapper.xcdatamodel;
		};
/* End XCVersionGroup section */
	};
	rootObject = 83465AE0257AC3E200D1B46E /* Project object */;
}
